
Microsoft Visual Studio Solution File, Format Version 12.00
# Visual Studio Version 17
VisualStudioVersion = 17.0.31612.314
MinimumVisualStudioVersion = 10.0.40219.1
Project("{FAE04EC0-301F-11D3-BF4B-00C04F79EFBC}") = "TradingCompany.ConsoleUI", "TradingCompany.ConsoleUI\TradingCompany.ConsoleUI.csproj", "{773EE103-9FED-4A96-B7BA-5933C744EF95}"
EndProject
Project("{FAE04EC0-301F-11D3-BF4B-00C04F79EFBC}") = "TradingCompany.DAL", "TradingCompany.DAL\TradingCompany.DAL.csproj", "{026DDE83-C625-457C-BC36-4A121B7AB033}"
EndProject
Project("{FAE04EC0-301F-11D3-BF4B-00C04F79EFBC}") = "TradingCompany.DALUnitTests", "TradingCompany.UnitTests\TradingCompany.DALUnitTests.csproj", "{FBAA0AFD-D91D-4D81-BE40-41C2266D24E3}"
EndProject
Project("{FAE04EC0-301F-11D3-BF4B-00C04F79EFBC}") = "TradingCompany.BLL", "TradinigCompany.BLL\TradingCompany.BLL.csproj", "{2231930F-7B28-40B1-AFA6-678754D9D1EF}"
EndProject
Project("{FAE04EC0-301F-11D3-BF4B-00C04F79EFBC}") = "TradingCompany.FormsUI", "TradingCompany.FormsUI\TradingCompany.FormsUI.csproj", "{BACB379F-EB9F-4391-A1A8-4F0267CB1A31}"
EndProject
Project("{FAE04EC0-301F-11D3-BF4B-00C04F79EFBC}") = "TradingCompany.BLLUnitTests", "TradingCompany.BLLUnitTests\TradingCompany.BLLUnitTests.csproj", "{BC9B8CF9-3D02-44CC-9D13-EC266DDB10D1}"
EndProject
Global
	GlobalSection(SolutionConfigurationPlatforms) = preSolution
		Debug|Any CPU = Debug|Any CPU
		Release|Any CPU = Release|Any CPU
	EndGlobalSection
	GlobalSection(ProjectConfigurationPlatforms) = postSolution
		{773EE103-9FED-4A96-B7BA-5933C744EF95}.Debug|Any CPU.ActiveCfg = Debug|Any CPU
		{773EE103-9FED-4A96-B7BA-5933C744EF95}.Debug|Any CPU.Build.0 = Debug|Any CPU
		{773EE103-9FED-4A96-B7BA-5933C744EF95}.Release|Any CPU.ActiveCfg = Release|Any CPU
		{773EE103-9FED-4A96-B7BA-5933C744EF95}.Release|Any CPU.Build.0 = Release|Any CPU
		{026DDE83-C625-457C-BC36-4A121B7AB033}.Debug|Any CPU.ActiveCfg = Debug|Any CPU
		{026DDE83-C625-457C-BC36-4A121B7AB033}.Debug|Any CPU.Build.0 = Debug|Any CPU
		{026DDE83-C625-457C-BC36-4A121B7AB033}.Release|Any CPU.ActiveCfg = Release|Any CPU
		{026DDE83-C625-457C-BC36-4A121B7AB033}.Release|Any CPU.Build.0 = Release|Any CPU
		{FBAA0AFD-D91D-4D81-BE40-41C2266D24E3}.Debug|Any CPU.ActiveCfg = Debug|Any CPU
		{FBAA0AFD-D91D-4D81-BE40-41C2266D24E3}.Debug|Any CPU.Build.0 = Debug|Any CPU
		{FBAA0AFD-D91D-4D81-BE40-41C2266D24E3}.Release|Any CPU.ActiveCfg = Release|Any CPU
		{FBAA0AFD-D91D-4D81-BE40-41C2266D24E3}.Release|Any CPU.Build.0 = Release|Any CPU
		{2231930F-7B28-40B1-AFA6-678754D9D1EF}.Debug|Any CPU.ActiveCfg = Debug|Any CPU
		{2231930F-7B28-40B1-AFA6-678754D9D1EF}.Debug|Any CPU.Build.0 = Debug|Any CPU
		{2231930F-7B28-40B1-AFA6-678754D9D1EF}.Release|Any CPU.ActiveCfg = Release|Any CPU
		{2231930F-7B28-40B1-AFA6-678754D9D1EF}.Release|Any CPU.Build.0 = Release|Any CPU
		{BACB379F-EB9F-4391-A1A8-4F0267CB1A31}.Debug|Any CPU.ActiveCfg = Debug|Any CPU
		{BACB379F-EB9F-4391-A1A8-4F0267CB1A31}.Debug|Any CPU.Build.0 = Debug|Any CPU
		{BACB379F-EB9F-4391-A1A8-4F0267CB1A31}.Release|Any CPU.ActiveCfg = Release|Any CPU
		{BACB379F-EB9F-4391-A1A8-4F0267CB1A31}.Release|Any CPU.Build.0 = Release|Any CPU
		{BC9B8CF9-3D02-44CC-9D13-EC266DDB10D1}.Debug|Any CPU.ActiveCfg = Debug|Any CPU
		{BC9B8CF9-3D02-44CC-9D13-EC266DDB10D1}.Debug|Any CPU.Build.0 = Debug|Any CPU
		{BC9B8CF9-3D02-44CC-9D13-EC266DDB10D1}.Release|Any CPU.ActiveCfg = Release|Any CPU
		{BC9B8CF9-3D02-44CC-9D13-EC266DDB10D1}.Release|Any CPU.Build.0 = Release|Any CPU
	EndGlobalSection
	GlobalSection(SolutionProperties) = preSolution
		HideSolutionNode = FALSE
	EndGlobalSection
	GlobalSection(ExtensibilityGlobals) = postSolution
		SolutionGuid = {0FA9A9C9-46FB-4D67-A9B3-FCA22B8F702C}
	EndGlobalSection
EndGlobal
